
Microsoft Visual Studio Solution File, Format Version 12.00
# Visual Studio Version 17
VisualStudioVersion = 17.7.34031.279
MinimumVisualStudioVersion = 10.0.40219.1
Project("{FAE04EC0-301F-11D3-BF4B-00C04F79EFBC}") = "Cubits-Api", "Cubits-Api\Cubits-Api.csproj", "{7C6A000D-DF39-4CFC-91F7-80750F25E01A}"
EndProject
Project("{FAE04EC0-301F-11D3-BF4B-00C04F79EFBC}") = "Cubits.Domain", "Cubits.Core\Cubits.Domain.csproj", "{F6E18C32-64E3-4F18-BB17-5B8853F71522}"
EndProject
Project("{FAE04EC0-301F-11D3-BF4B-00C04F79EFBC}") = "Cubits.Infraestructure", "Cubits.Infraestructure\Cubits.Infraestructure.csproj", "{A8B1A6A1-7BD9-4504-A27B-3286A6BA9D45}"
EndProject
Project("{FAE04EC0-301F-11D3-BF4B-00C04F79EFBC}") = "Cubits.Application", "Cubits.Aplication\Cubits.Application.csproj", "{AB02A0FC-176D-437A-ADCE-72C29F8C27FD}"
EndProject
Global
	GlobalSection(SolutionConfigurationPlatforms) = preSolution
		Debug|Any CPU = Debug|Any CPU
		Release|Any CPU = Release|Any CPU
	EndGlobalSection
	GlobalSection(ProjectConfigurationPlatforms) = postSolution
		{7C6A000D-DF39-4CFC-91F7-80750F25E01A}.Debug|Any CPU.ActiveCfg = Debug|Any CPU
		{7C6A000D-DF39-4CFC-91F7-80750F25E01A}.Debug|Any CPU.Build.0 = Debug|Any CPU
		{7C6A000D-DF39-4CFC-91F7-80750F25E01A}.Release|Any CPU.ActiveCfg = Release|Any CPU
		{7C6A000D-DF39-4CFC-91F7-80750F25E01A}.Release|Any CPU.Build.0 = Release|Any CPU
		{F6E18C32-64E3-4F18-BB17-5B8853F71522}.Debug|Any CPU.ActiveCfg = Debug|Any CPU
		{F6E18C32-64E3-4F18-BB17-5B8853F71522}.Debug|Any CPU.Build.0 = Debug|Any CPU
		{F6E18C32-64E3-4F18-BB17-5B8853F71522}.Release|Any CPU.ActiveCfg = Release|Any CPU
		{F6E18C32-64E3-4F18-BB17-5B8853F71522}.Release|Any CPU.Build.0 = Release|Any CPU
		{A8B1A6A1-7BD9-4504-A27B-3286A6BA9D45}.Debug|Any CPU.ActiveCfg = Debug|Any CPU
		{A8B1A6A1-7BD9-4504-A27B-3286A6BA9D45}.Debug|Any CPU.Build.0 = Debug|Any CPU
		{A8B1A6A1-7BD9-4504-A27B-3286A6BA9D45}.Release|Any CPU.ActiveCfg = Release|Any CPU
		{A8B1A6A1-7BD9-4504-A27B-3286A6BA9D45}.Release|Any CPU.Build.0 = Release|Any CPU
		{AB02A0FC-176D-437A-ADCE-72C29F8C27FD}.Debug|Any CPU.ActiveCfg = Debug|Any CPU
		{AB02A0FC-176D-437A-ADCE-72C29F8C27FD}.Debug|Any CPU.Build.0 = Debug|Any CPU
		{AB02A0FC-176D-437A-ADCE-72C29F8C27FD}.Release|Any CPU.ActiveCfg = Release|Any CPU
		{AB02A0FC-176D-437A-ADCE-72C29F8C27FD}.Release|Any CPU.Build.0 = Release|Any CPU
	EndGlobalSection
	GlobalSection(SolutionProperties) = preSolution
		HideSolutionNode = FALSE
	EndGlobalSection
	GlobalSection(ExtensibilityGlobals) = postSolution
		SolutionGuid = {FDA885F6-E3C4-4EBD-91D5-230DAB8135D8}
	EndGlobalSection
EndGlobal
